
Microsoft Visual Studio Solution File, Format Version 12.00
# Visual Studio 2012
Project("{FAE04EC0-301F-11D3-BF4B-00C04F79EFBC}") = "2.04 ThirdDigitIsSeven", "2.04 ThirdDigitIsSeven\2.04 ThirdDigitIsSeven.csproj", "{1281483D-2384-43E2-8EEF-69AE1C221D80}"
EndProject
Global
	GlobalSection(SolutionConfigurationPlatforms) = preSolution
		Debug|Any CPU = Debug|Any CPU
		Release|Any CPU = Release|Any CPU
	EndGlobalSection
	GlobalSection(ProjectConfigurationPlatforms) = postSolution
		{1281483D-2384-43E2-8EEF-69AE1C221D80}.Debug|Any CPU.ActiveCfg = Debug|Any CPU
		{1281483D-2384-43E2-8EEF-69AE1C221D80}.Debug|Any CPU.Build.0 = Debug|Any CPU
		{1281483D-2384-43E2-8EEF-69AE1C221D80}.Release|Any CPU.ActiveCfg = Release|Any CPU
		{1281483D-2384-43E2-8EEF-69AE1C221D80}.Release|Any CPU.Build.0 = Release|Any CPU
	EndGlobalSection
	GlobalSection(SolutionProperties) = preSolution
		HideSolutionNode = FALSE
	EndGlobalSection
EndGlobal
