
Microsoft Visual Studio Solution File, Format Version 12.00
# Visual Studio 2012
Project("{FAE04EC0-301F-11D3-BF4B-00C04F79EFBC}") = "2.05 ThirdBitIs0Or1", "2.05 ThirdBitIs0Or1\2.05 ThirdBitIs0Or1.csproj", "{14852D86-5B7E-4D8A-B828-2A6D0665046D}"
EndProject
Global
	GlobalSection(SolutionConfigurationPlatforms) = preSolution
		Debug|Any CPU = Debug|Any CPU
		Release|Any CPU = Release|Any CPU
	EndGlobalSection
	GlobalSection(ProjectConfigurationPlatforms) = postSolution
		{14852D86-5B7E-4D8A-B828-2A6D0665046D}.Debug|Any CPU.ActiveCfg = Debug|Any CPU
		{14852D86-5B7E-4D8A-B828-2A6D0665046D}.Debug|Any CPU.Build.0 = Debug|Any CPU
		{14852D86-5B7E-4D8A-B828-2A6D0665046D}.Release|Any CPU.ActiveCfg = Release|Any CPU
		{14852D86-5B7E-4D8A-B828-2A6D0665046D}.Release|Any CPU.Build.0 = Release|Any CPU
	EndGlobalSection
	GlobalSection(SolutionProperties) = preSolution
		HideSolutionNode = FALSE
	EndGlobalSection
EndGlobal
