
Microsoft Visual Studio Solution File, Format Version 12.00
# Visual Studio 2012
Project("{FAE04EC0-301F-11D3-BF4B-00C04F79EFBC}") = "3.06 SquareEquation", "3.06\3.06 SquareEquation.csproj", "{261A1887-D82C-4228-AAA3-C4454195D4BB}"
EndProject
Global
	GlobalSection(SolutionConfigurationPlatforms) = preSolution
		Debug|Any CPU = Debug|Any CPU
		Release|Any CPU = Release|Any CPU
	EndGlobalSection
	GlobalSection(ProjectConfigurationPlatforms) = postSolution
		{261A1887-D82C-4228-AAA3-C4454195D4BB}.Debug|Any CPU.ActiveCfg = Debug|Any CPU
		{261A1887-D82C-4228-AAA3-C4454195D4BB}.Debug|Any CPU.Build.0 = Debug|Any CPU
		{261A1887-D82C-4228-AAA3-C4454195D4BB}.Release|Any CPU.ActiveCfg = Release|Any CPU
		{261A1887-D82C-4228-AAA3-C4454195D4BB}.Release|Any CPU.Build.0 = Release|Any CPU
	EndGlobalSection
	GlobalSection(SolutionProperties) = preSolution
		HideSolutionNode = FALSE
	EndGlobalSection
EndGlobal
