
Microsoft Visual Studio Solution File, Format Version 12.00
# Visual Studio 2012
Project("{FAE04EC0-301F-11D3-BF4B-00C04F79EFBC}") = "6.03 OccurrenceOfWord", "6.03 OccurrenceOfWord\6.03 OccurrenceOfWord.csproj", "{46B29CF3-14C6-448A-9869-260786A393FD}"
EndProject
Global
	GlobalSection(SolutionConfigurationPlatforms) = preSolution
		Debug|Any CPU = Debug|Any CPU
		Release|Any CPU = Release|Any CPU
	EndGlobalSection
	GlobalSection(ProjectConfigurationPlatforms) = postSolution
		{46B29CF3-14C6-448A-9869-260786A393FD}.Debug|Any CPU.ActiveCfg = Debug|Any CPU
		{46B29CF3-14C6-448A-9869-260786A393FD}.Debug|Any CPU.Build.0 = Debug|Any CPU
		{46B29CF3-14C6-448A-9869-260786A393FD}.Release|Any CPU.ActiveCfg = Release|Any CPU
		{46B29CF3-14C6-448A-9869-260786A393FD}.Release|Any CPU.Build.0 = Release|Any CPU
	EndGlobalSection
	GlobalSection(SolutionProperties) = preSolution
		HideSolutionNode = FALSE
	EndGlobalSection
EndGlobal
